{
  "name": "Personal-Website",
  "lockfileVersion": 2,
  "requires": true,
  "packages": {
    "": {
      "dependencies": {
        "@ts-stack/markdown": "^1.4.0"
      },
      "devDependencies": {
        "@types/node": "^16.0.0"
      }
    },
    "node_modules/@ts-stack/markdown": {
      "version": "1.4.0",
      "resolved": "https://registry.npmjs.org/@ts-stack/markdown/-/markdown-1.4.0.tgz",
      "integrity": "sha512-z3fkD8wGSyqTCp+axZVlr9hFKyM18XKPHEyC8vmohyTcqf5sRRy9Sd0omYBJ85IDW57DLEcfvVatXfUt1unEew==",
      "dependencies": {
        "tslib": "^2.0.0"
      }
    },
    "node_modules/@types/node": {
      "version": "16.0.0",
      "resolved": "https://registry.npmjs.org/@types/node/-/node-16.0.0.tgz",
      "integrity": "sha512-TmCW5HoZ2o2/z2EYi109jLqIaPIi9y/lc2LmDCWzuCi35bcaQ+OtUh6nwBiFK7SOu25FAU5+YKdqFZUwtqGSdg==",
      "dev": true
    },
    "node_modules/tslib": {
      "version": "2.3.0",
      "resolved": "https://registry.npmjs.org/tslib/-/tslib-2.3.0.tgz",
      "integrity": "sha512-N82ooyxVNm6h1riLCoyS9e3fuJ3AMG2zIZs2Gd1ATcSFjSA23Q0fzjjZeh0jbJvWVDZ0cJT8yaNNaaXHzueNjg=="
    }
  },
  "dependencies": {
    "@ts-stack/markdown": {
      "version": "1.4.0",
      "resolved": "https://registry.npmjs.org/@ts-stack/markdown/-/markdown-1.4.0.tgz",
      "integrity": "sha512-z3fkD8wGSyqTCp+axZVlr9hFKyM18XKPHEyC8vmohyTcqf5sRRy9Sd0omYBJ85IDW57DLEcfvVatXfUt1unEew==",
      "requires": {
        "tslib": "^2.0.0"
      }
    },
    "@types/node": {
      "version": "16.0.0",
      "resolved": "https://registry.npmjs.org/@types/node/-/node-16.0.0.tgz",
      "integrity": "sha512-TmCW5HoZ2o2/z2EYi109jLqIaPIi9y/lc2LmDCWzuCi35bcaQ+OtUh6nwBiFK7SOu25FAU5+YKdqFZUwtqGSdg==",
      "dev": true
    },
    "tslib": {
      "version": "2.3.0",
      "resolved": "https://registry.npmjs.org/tslib/-/tslib-2.3.0.tgz",
      "integrity": "sha512-N82ooyxVNm6h1riLCoyS9e3fuJ3AMG2zIZs2Gd1ATcSFjSA23Q0fzjjZeh0jbJvWVDZ0cJT8yaNNaaXHzueNjg=="
    }
  }
}
